
Microsoft Visual Studio Solution File, Format Version 12.00
# Visual Studio Version 17
VisualStudioVersion = 17.6.33829.357
MinimumVisualStudioVersion = 10.0.40219.1
Project("{9A19103F-16F7-4668-BE54-9A1E7A4F7556}") = "OOP_Detailed_Repeat", "OOP_Detailed_Repeat\OOP_Detailed_Repeat.csproj", "{7595FCB0-8F6D-482D-AE4F-BF5A7DF98A14}"
EndProject
Project("{9A19103F-16F7-4668-BE54-9A1E7A4F7556}") = "OOP_Detailed_Repeat2", "OOP_Detailed_Repeat2\OOP_Detailed_Repeat2.csproj", "{BD105D07-0069-40FB-93E4-129DB5D56962}"
EndProject
Project("{9A19103F-16F7-4668-BE54-9A1E7A4F7556}") = "OOP_Detailed_Repeat3", "OOP_Detailed_Repeat3\OOP_Detailed_Repeat3.csproj", "{F3AEDD02-44C6-4B97-B48F-334A973F00BA}"
EndProject
Project("{9A19103F-16F7-4668-BE54-9A1E7A4F7556}") = "OOP_Detailed_Repeat4", "OOP_Detailed_Repeat4\OOP_Detailed_Repeat4.csproj", "{D3299B08-3AFE-4606-9BD5-3284344FD1E5}"
EndProject
Project("{2150E333-8FDC-42A3-9474-1A3956D46DE8}") = "CLASS", "CLASS", "{AA6A2DC1-3585-4AEB-AC8A-B07EE3F7EAB1}"
EndProject
Project("{2150E333-8FDC-42A3-9474-1A3956D46DE8}") = "OBJECT", "OBJECT", "{21AD9CC5-FE70-4E75-BD67-000D69E61679}"
EndProject
Project("{9A19103F-16F7-4668-BE54-9A1E7A4F7556}") = "OOP_Detailed_Repeat5", "OOP_Detailed_Repeat5\OOP_Detailed_Repeat5.csproj", "{ABBCC636-A6DC-452C-BA18-89F899E9A5FD}"
EndProject
Project("{9A19103F-16F7-4668-BE54-9A1E7A4F7556}") = "OOP_Detailed_Repeat6", "OOP_Detailed_Repeat6\OOP_Detailed_Repeat6.csproj", "{39204BF4-C9E8-484D-A5A9-6EC8722549A6}"
EndProject
Project("{9A19103F-16F7-4668-BE54-9A1E7A4F7556}") = "OOP_Detailed_Repeat7", "OOP_Detailed_Repeat7\OOP_Detailed_Repeat7.csproj", "{80486656-DC1F-48E5-9892-F2D89BBD9EFD}"
EndProject
Project("{2150E333-8FDC-42A3-9474-1A3956D46DE8}") = "ENCAPSULATION", "ENCAPSULATION", "{B712C56B-6D1B-42FA-9740-C7A5662D5911}"
EndProject
Project("{9A19103F-16F7-4668-BE54-9A1E7A4F7556}") = "OOP_Detailed_Repeat8", "OOP_Detailed_Repeat8\OOP_Detailed_Repeat8.csproj", "{7D2245A7-47D1-4951-960D-92333D651653}"
EndProject
Project("{2150E333-8FDC-42A3-9474-1A3956D46DE8}") = "RECORDS", "RECORDS", "{4D84AEAE-29D2-44ED-9DC0-E450986D98F9}"
EndProject
Project("{9A19103F-16F7-4668-BE54-9A1E7A4F7556}") = "OOP_Detailed_Repeat9", "OOP_Detailed_Repeat9\OOP_Detailed_Repeat9.csproj", "{E7E15E6D-D505-4D99-8394-CC9A4C51EF7C}"
EndProject
Project("{2150E333-8FDC-42A3-9474-1A3956D46DE8}") = "CONSTRUCTOR", "CONSTRUCTOR", "{9603D2A7-4BCF-47EB-8D5C-1EBA759306FD}"
EndProject
Project("{9A19103F-16F7-4668-BE54-9A1E7A4F7556}") = "OOP_Detailed_Repeat10", "OOP_Detailed_Repeat10\OOP_Detailed_Repeat10.csproj", "{FCCBDA37-F4BF-4145-90AB-A1988A13D197}"
EndProject
Project("{2150E333-8FDC-42A3-9474-1A3956D46DE8}") = "DESTRUCTOR", "DESTRUCTOR", "{9704CF12-2DF2-499B-B321-D9DE14618347}"
EndProject
Project("{FAE04EC0-301F-11D3-BF4B-00C04F79EFBC}") = "OOP_Detailed_Repeat11", "OOP_Detailed_Repeat11\OOP_Detailed_Repeat11.csproj", "{CFADCA93-3827-4EFB-96CD-6B11C309ABC7}"
EndProject
Project("{2150E333-8FDC-42A3-9474-1A3956D46DE8}") = "DECONSTRUCT", "DECONSTRUCT", "{F96E5626-FDD4-4943-B19D-94BC67C5AFB1}"
EndProject
Project("{FAE04EC0-301F-11D3-BF4B-00C04F79EFBC}") = "OOP_Detailed_Repeat12", "OOP_Detailed_Repeat12\OOP_Detailed_Repeat12.csproj", "{634986FD-A99C-4C0C-B8E8-315F53310FDF}"
EndProject
Global
	GlobalSection(SolutionConfigurationPlatforms) = preSolution
		Debug|Any CPU = Debug|Any CPU
		Release|Any CPU = Release|Any CPU
	EndGlobalSection
	GlobalSection(ProjectConfigurationPlatforms) = postSolution
		{7595FCB0-8F6D-482D-AE4F-BF5A7DF98A14}.Debug|Any CPU.ActiveCfg = Debug|Any CPU
		{7595FCB0-8F6D-482D-AE4F-BF5A7DF98A14}.Debug|Any CPU.Build.0 = Debug|Any CPU
		{7595FCB0-8F6D-482D-AE4F-BF5A7DF98A14}.Release|Any CPU.ActiveCfg = Release|Any CPU
		{7595FCB0-8F6D-482D-AE4F-BF5A7DF98A14}.Release|Any CPU.Build.0 = Release|Any CPU
		{BD105D07-0069-40FB-93E4-129DB5D56962}.Debug|Any CPU.ActiveCfg = Debug|Any CPU
		{BD105D07-0069-40FB-93E4-129DB5D56962}.Debug|Any CPU.Build.0 = Debug|Any CPU
		{BD105D07-0069-40FB-93E4-129DB5D56962}.Release|Any CPU.ActiveCfg = Release|Any CPU
		{BD105D07-0069-40FB-93E4-129DB5D56962}.Release|Any CPU.Build.0 = Release|Any CPU
		{F3AEDD02-44C6-4B97-B48F-334A973F00BA}.Debug|Any CPU.ActiveCfg = Debug|Any CPU
		{F3AEDD02-44C6-4B97-B48F-334A973F00BA}.Debug|Any CPU.Build.0 = Debug|Any CPU
		{F3AEDD02-44C6-4B97-B48F-334A973F00BA}.Release|Any CPU.ActiveCfg = Release|Any CPU
		{F3AEDD02-44C6-4B97-B48F-334A973F00BA}.Release|Any CPU.Build.0 = Release|Any CPU
		{D3299B08-3AFE-4606-9BD5-3284344FD1E5}.Debug|Any CPU.ActiveCfg = Debug|Any CPU
		{D3299B08-3AFE-4606-9BD5-3284344FD1E5}.Debug|Any CPU.Build.0 = Debug|Any CPU
		{D3299B08-3AFE-4606-9BD5-3284344FD1E5}.Release|Any CPU.ActiveCfg = Release|Any CPU
		{D3299B08-3AFE-4606-9BD5-3284344FD1E5}.Release|Any CPU.Build.0 = Release|Any CPU
		{ABBCC636-A6DC-452C-BA18-89F899E9A5FD}.Debug|Any CPU.ActiveCfg = Debug|Any CPU
		{ABBCC636-A6DC-452C-BA18-89F899E9A5FD}.Debug|Any CPU.Build.0 = Debug|Any CPU
		{ABBCC636-A6DC-452C-BA18-89F899E9A5FD}.Release|Any CPU.ActiveCfg = Release|Any CPU
		{ABBCC636-A6DC-452C-BA18-89F899E9A5FD}.Release|Any CPU.Build.0 = Release|Any CPU
		{39204BF4-C9E8-484D-A5A9-6EC8722549A6}.Debug|Any CPU.ActiveCfg = Debug|Any CPU
		{39204BF4-C9E8-484D-A5A9-6EC8722549A6}.Debug|Any CPU.Build.0 = Debug|Any CPU
		{39204BF4-C9E8-484D-A5A9-6EC8722549A6}.Release|Any CPU.ActiveCfg = Release|Any CPU
		{39204BF4-C9E8-484D-A5A9-6EC8722549A6}.Release|Any CPU.Build.0 = Release|Any CPU
		{80486656-DC1F-48E5-9892-F2D89BBD9EFD}.Debug|Any CPU.ActiveCfg = Debug|Any CPU
		{80486656-DC1F-48E5-9892-F2D89BBD9EFD}.Debug|Any CPU.Build.0 = Debug|Any CPU
		{80486656-DC1F-48E5-9892-F2D89BBD9EFD}.Release|Any CPU.ActiveCfg = Release|Any CPU
		{80486656-DC1F-48E5-9892-F2D89BBD9EFD}.Release|Any CPU.Build.0 = Release|Any CPU
		{7D2245A7-47D1-4951-960D-92333D651653}.Debug|Any CPU.ActiveCfg = Debug|Any CPU
		{7D2245A7-47D1-4951-960D-92333D651653}.Debug|Any CPU.Build.0 = Debug|Any CPU
		{7D2245A7-47D1-4951-960D-92333D651653}.Release|Any CPU.ActiveCfg = Release|Any CPU
		{7D2245A7-47D1-4951-960D-92333D651653}.Release|Any CPU.Build.0 = Release|Any CPU
		{E7E15E6D-D505-4D99-8394-CC9A4C51EF7C}.Debug|Any CPU.ActiveCfg = Debug|Any CPU
		{E7E15E6D-D505-4D99-8394-CC9A4C51EF7C}.Debug|Any CPU.Build.0 = Debug|Any CPU
		{E7E15E6D-D505-4D99-8394-CC9A4C51EF7C}.Release|Any CPU.ActiveCfg = Release|Any CPU
		{E7E15E6D-D505-4D99-8394-CC9A4C51EF7C}.Release|Any CPU.Build.0 = Release|Any CPU
		{FCCBDA37-F4BF-4145-90AB-A1988A13D197}.Debug|Any CPU.ActiveCfg = Debug|Any CPU
		{FCCBDA37-F4BF-4145-90AB-A1988A13D197}.Debug|Any CPU.Build.0 = Debug|Any CPU
		{FCCBDA37-F4BF-4145-90AB-A1988A13D197}.Release|Any CPU.ActiveCfg = Release|Any CPU
		{FCCBDA37-F4BF-4145-90AB-A1988A13D197}.Release|Any CPU.Build.0 = Release|Any CPU
		{CFADCA93-3827-4EFB-96CD-6B11C309ABC7}.Debug|Any CPU.ActiveCfg = Debug|Any CPU
		{CFADCA93-3827-4EFB-96CD-6B11C309ABC7}.Debug|Any CPU.Build.0 = Debug|Any CPU
		{CFADCA93-3827-4EFB-96CD-6B11C309ABC7}.Release|Any CPU.ActiveCfg = Release|Any CPU
		{CFADCA93-3827-4EFB-96CD-6B11C309ABC7}.Release|Any CPU.Build.0 = Release|Any CPU
		{634986FD-A99C-4C0C-B8E8-315F53310FDF}.Debug|Any CPU.ActiveCfg = Debug|Any CPU
		{634986FD-A99C-4C0C-B8E8-315F53310FDF}.Debug|Any CPU.Build.0 = Debug|Any CPU
		{634986FD-A99C-4C0C-B8E8-315F53310FDF}.Release|Any CPU.ActiveCfg = Release|Any CPU
		{634986FD-A99C-4C0C-B8E8-315F53310FDF}.Release|Any CPU.Build.0 = Release|Any CPU
	EndGlobalSection
	GlobalSection(SolutionProperties) = preSolution
		HideSolutionNode = FALSE
	EndGlobalSection
	GlobalSection(NestedProjects) = preSolution
		{7595FCB0-8F6D-482D-AE4F-BF5A7DF98A14} = {AA6A2DC1-3585-4AEB-AC8A-B07EE3F7EAB1}
		{BD105D07-0069-40FB-93E4-129DB5D56962} = {AA6A2DC1-3585-4AEB-AC8A-B07EE3F7EAB1}
		{F3AEDD02-44C6-4B97-B48F-334A973F00BA} = {AA6A2DC1-3585-4AEB-AC8A-B07EE3F7EAB1}
		{D3299B08-3AFE-4606-9BD5-3284344FD1E5} = {AA6A2DC1-3585-4AEB-AC8A-B07EE3F7EAB1}
		{ABBCC636-A6DC-452C-BA18-89F899E9A5FD} = {21AD9CC5-FE70-4E75-BD67-000D69E61679}
		{39204BF4-C9E8-484D-A5A9-6EC8722549A6} = {21AD9CC5-FE70-4E75-BD67-000D69E61679}
		{80486656-DC1F-48E5-9892-F2D89BBD9EFD} = {21AD9CC5-FE70-4E75-BD67-000D69E61679}
		{7D2245A7-47D1-4951-960D-92333D651653} = {B712C56B-6D1B-42FA-9740-C7A5662D5911}
		{E7E15E6D-D505-4D99-8394-CC9A4C51EF7C} = {4D84AEAE-29D2-44ED-9DC0-E450986D98F9}
		{FCCBDA37-F4BF-4145-90AB-A1988A13D197} = {9603D2A7-4BCF-47EB-8D5C-1EBA759306FD}
		{CFADCA93-3827-4EFB-96CD-6B11C309ABC7} = {9704CF12-2DF2-499B-B321-D9DE14618347}
		{634986FD-A99C-4C0C-B8E8-315F53310FDF} = {F96E5626-FDD4-4943-B19D-94BC67C5AFB1}
	EndGlobalSection
	GlobalSection(ExtensibilityGlobals) = postSolution
		SolutionGuid = {9F22BCE7-3881-4BA4-828D-D1AFCA35AD29}
	EndGlobalSection
EndGlobal
