
Microsoft Visual Studio Solution File, Format Version 12.00
# Visual Studio Version 17
VisualStudioVersion = 17.6.33829.357
MinimumVisualStudioVersion = 10.0.40219.1
Project("{9A19103F-16F7-4668-BE54-9A1E7A4F7556}") = "OOP_Detailed_Repeat", "OOP_Detailed_Repeat\OOP_Detailed_Repeat.csproj", "{7595FCB0-8F6D-482D-AE4F-BF5A7DF98A14}"
EndProject
Project("{9A19103F-16F7-4668-BE54-9A1E7A4F7556}") = "OOP_Detailed_Repeat2", "OOP_Detailed_Repeat2\OOP_Detailed_Repeat2.csproj", "{BD105D07-0069-40FB-93E4-129DB5D56962}"
EndProject
Project("{9A19103F-16F7-4668-BE54-9A1E7A4F7556}") = "OOP_Detailed_Repeat3", "OOP_Detailed_Repeat3\OOP_Detailed_Repeat3.csproj", "{F3AEDD02-44C6-4B97-B48F-334A973F00BA}"
EndProject
Project("{9A19103F-16F7-4668-BE54-9A1E7A4F7556}") = "OOP_Detailed_Repeat4", "OOP_Detailed_Repeat4\OOP_Detailed_Repeat4.csproj", "{D3299B08-3AFE-4606-9BD5-3284344FD1E5}"
EndProject
Project("{2150E333-8FDC-42A3-9474-1A3956D46DE8}") = "CLASS", "CLASS", "{AA6A2DC1-3585-4AEB-AC8A-B07EE3F7EAB1}"
EndProject
Project("{2150E333-8FDC-42A3-9474-1A3956D46DE8}") = "OBJECT", "OBJECT", "{21AD9CC5-FE70-4E75-BD67-000D69E61679}"
EndProject
Project("{9A19103F-16F7-4668-BE54-9A1E7A4F7556}") = "OOP_Detailed_Repeat5", "OOP_Detailed_Repeat5\OOP_Detailed_Repeat5.csproj", "{ABBCC636-A6DC-452C-BA18-89F899E9A5FD}"
EndProject
Project("{9A19103F-16F7-4668-BE54-9A1E7A4F7556}") = "OOP_Detailed_Repeat6", "OOP_Detailed_Repeat6\OOP_Detailed_Repeat6.csproj", "{39204BF4-C9E8-484D-A5A9-6EC8722549A6}"
EndProject
Project("{9A19103F-16F7-4668-BE54-9A1E7A4F7556}") = "OOP_Detailed_Repeat7", "OOP_Detailed_Repeat7\OOP_Detailed_Repeat7.csproj", "{80486656-DC1F-48E5-9892-F2D89BBD9EFD}"
EndProject
Project("{2150E333-8FDC-42A3-9474-1A3956D46DE8}") = "ENCAPSULATION", "ENCAPSULATION", "{B712C56B-6D1B-42FA-9740-C7A5662D5911}"
EndProject
Project("{9A19103F-16F7-4668-BE54-9A1E7A4F7556}") = "OOP_Detailed_Repeat8", "OOP_Detailed_Repeat8\OOP_Detailed_Repeat8.csproj", "{7D2245A7-47D1-4951-960D-92333D651653}"
EndProject
Project("{2150E333-8FDC-42A3-9474-1A3956D46DE8}") = "RECORDS", "RECORDS", "{4D84AEAE-29D2-44ED-9DC0-E450986D98F9}"
EndProject
Project("{9A19103F-16F7-4668-BE54-9A1E7A4F7556}") = "OOP_Detailed_Repeat9", "OOP_Detailed_Repeat9\OOP_Detailed_Repeat9.csproj", "{E7E15E6D-D505-4D99-8394-CC9A4C51EF7C}"
EndProject
Project("{2150E333-8FDC-42A3-9474-1A3956D46DE8}") = "CONSTRUCTOR", "CONSTRUCTOR", "{9603D2A7-4BCF-47EB-8D5C-1EBA759306FD}"
EndProject
Project("{9A19103F-16F7-4668-BE54-9A1E7A4F7556}") = "OOP_Detailed_Repeat10", "OOP_Detailed_Repeat10\OOP_Detailed_Repeat10.csproj", "{FCCBDA37-F4BF-4145-90AB-A1988A13D197}"
EndProject
Project("{2150E333-8FDC-42A3-9474-1A3956D46DE8}") = "DESTRUCTOR", "DESTRUCTOR", "{9704CF12-2DF2-499B-B321-D9DE14618347}"
EndProject
Project("{9A19103F-16F7-4668-BE54-9A1E7A4F7556}") = "OOP_Detailed_Repeat11", "OOP_Detailed_Repeat11\OOP_Detailed_Repeat11.csproj", "{CFADCA93-3827-4EFB-96CD-6B11C309ABC7}"
EndProject
Project("{2150E333-8FDC-42A3-9474-1A3956D46DE8}") = "DECONSTRUCT", "DECONSTRUCT", "{F96E5626-FDD4-4943-B19D-94BC67C5AFB1}"
EndProject
Project("{9A19103F-16F7-4668-BE54-9A1E7A4F7556}") = "OOP_Detailed_Repeat12", "OOP_Detailed_Repeat12\OOP_Detailed_Repeat12.csproj", "{634986FD-A99C-4C0C-B8E8-315F53310FDF}"
EndProject
Project("{2150E333-8FDC-42A3-9474-1A3956D46DE8}") = "STATIC CONSTRUCTOR", "STATIC CONSTRUCTOR", "{92F21BCE-C3AA-4B43-90AC-DA6293A3D10C}"
EndProject
Project("{9A19103F-16F7-4668-BE54-9A1E7A4F7556}") = "OOP_Detailed_Repeat13", "OOP_Detailed_Repeat13\OOP_Detailed_Repeat13.csproj", "{A3CCFA8B-1E70-4A46-8F2A-57DB4C4D87C4}"
EndProject
Project("{2150E333-8FDC-42A3-9474-1A3956D46DE8}") = "POSITIONAL RECORD", "POSITIONAL RECORD", "{3E92102C-C99A-487E-B4E7-8A7B5131E586}"
EndProject
Project("{9A19103F-16F7-4668-BE54-9A1E7A4F7556}") = "Positional Record", "Positional Record\Positional Record.csproj", "{5179C6B0-B204-4C98-9391-86F74DA28770}"
EndProject
Project("{2150E333-8FDC-42A3-9474-1A3956D46DE8}") = "INHERITANCE", "INHERITANCE", "{DCAB7C56-0AFF-4BF8-BA98-69A870E0D009}"
EndProject
Project("{9A19103F-16F7-4668-BE54-9A1E7A4F7556}") = "Inheritance", "Inheritance\Inheritance.csproj", "{CAD70BFE-2DD4-495C-B12B-45CA444B9C33}"
EndProject
Project("{9A19103F-16F7-4668-BE54-9A1E7A4F7556}") = "Inheritance2", "Inheritance2\Inheritance2.csproj", "{7C485833-77E1-4DEA-B5A1-5A994A0B96F5}"
EndProject
Project("{9A19103F-16F7-4668-BE54-9A1E7A4F7556}") = "Inheritance3", "Inheritance3\Inheritance3.csproj", "{CB23C065-E55B-44F6-A264-30B6FC238222}"
EndProject
Project("{2150E333-8FDC-42A3-9474-1A3956D46DE8}") = "VIRTUAL&OVERRIDE", "VIRTUAL&OVERRIDE", "{34B2489F-BB1E-4B0B-A0CA-333780EBEA99}"
EndProject
Project("{9A19103F-16F7-4668-BE54-9A1E7A4F7556}") = "VirtualAndOverride", "VirtualAndOverride\VirtualAndOverride.csproj", "{83500C27-2D1F-435E-9F97-BC6FA9E4B6A9}"
EndProject
Project("{2150E333-8FDC-42A3-9474-1A3956D46DE8}") = "POLYMORPHISM", "POLYMORPHISM", "{6E7F6BB5-1663-4200-98DE-7F0147978031}"
EndProject
Project("{9A19103F-16F7-4668-BE54-9A1E7A4F7556}") = "Polymorphism", "Polymorphism\Polymorphism.csproj", "{ECDFE511-842E-4F01-ABED-F7F9A6FED3B8}"
EndProject
Project("{9A19103F-16F7-4668-BE54-9A1E7A4F7556}") = "Polymorphism2", "Polymorphism2\Polymorphism2.csproj", "{0F5615A8-64E9-481E-87AB-B995C65BA94B}"
EndProject
Project("{9A19103F-16F7-4668-BE54-9A1E7A4F7556}") = "Polymorphism3", "Polymorphism3\Polymorphism3.csproj", "{428C4A1E-F09B-4436-ADB8-8CB686CB9F92}"
EndProject
Project("{9A19103F-16F7-4668-BE54-9A1E7A4F7556}") = "Polymorphism4", "Polymorphism4\Polymorphism4.csproj", "{A7910D94-406F-44B1-92B9-66EB145987D9}"
EndProject
Project("{2150E333-8FDC-42A3-9474-1A3956D46DE8}") = "SEALED KEYWORD", "SEALED KEYWORD", "{921E24CA-55FE-4D9A-9690-3614C6005E76}"
EndProject
Project("{9A19103F-16F7-4668-BE54-9A1E7A4F7556}") = "Sealed_Keyword", "Sealed_Keyword\Sealed_Keyword.csproj", "{6095A38F-C982-4A9A-8763-F78BD5AEBD04}"
EndProject
Project("{2150E333-8FDC-42A3-9474-1A3956D46DE8}") = "SPECIALKEYWORDSFORCLASSMODEL", "SPECIALKEYWORDSFORCLASSMODEL", "{C4184D0B-1E7C-460A-8272-55ADF0B2B0F3}"
EndProject
Project("{9A19103F-16F7-4668-BE54-9A1E7A4F7556}") = "Special_Keywords_For_Class_Model", "Special_Keywords_For_Class_Model\Special_Keywords_For_Class_Model.csproj", "{D6B9078A-E34C-40D9-B88C-0752B3C9B054}"
EndProject
Project("{2150E333-8FDC-42A3-9474-1A3956D46DE8}") = "PARTIALS", "PARTIALS", "{47F3B87C-AADF-4A72-975C-2C710B25C86F}"
EndProject
Project("{9A19103F-16F7-4668-BE54-9A1E7A4F7556}") = "Partial", "Partial\Partial.csproj", "{06216C15-8364-4C1A-BA7E-8E51E69BE3BD}"
EndProject
Project("{2150E333-8FDC-42A3-9474-1A3956D46DE8}") = "ABSTRACTION", "ABSTRACTION", "{9CA43660-07C3-4E5E-B2BC-DDEF81011C1F}"
EndProject
Project("{9A19103F-16F7-4668-BE54-9A1E7A4F7556}") = "Abstraction", "Abstraction\Abstraction.csproj", "{41984C23-C45F-4A44-BAA5-3A9F74DCDA3D}"
EndProject
Project("{2150E333-8FDC-42A3-9474-1A3956D46DE8}") = "ABSTRACT CLASS", "ABSTRACT CLASS", "{0A0164A9-DA91-4A0C-AB54-7D952C8A7003}"
EndProject
Project("{9A19103F-16F7-4668-BE54-9A1E7A4F7556}") = "Abstract_Class", "Abstract_Class\Abstract_Class.csproj", "{111C89A4-AA1E-42C2-B203-CB8C9779A32D}"
EndProject
Project("{2150E333-8FDC-42A3-9474-1A3956D46DE8}") = "INTERFACE", "INTERFACE", "{58BE3C52-0AC7-491F-95A1-34DAB6807E09}"
EndProject
Project("{9A19103F-16F7-4668-BE54-9A1E7A4F7556}") = "InterfaceExample", "Interface\InterfaceExample.csproj", "{DB4BF91D-D312-4036-B703-244A6D3B4742}"
EndProject
Project("{9A19103F-16F7-4668-BE54-9A1E7A4F7556}") = "InterfaceExample2", "InterfaceExample2\InterfaceExample2.csproj", "{E8F054EF-B499-4EE0-8CF2-DC06DA8010CD}"
EndProject
Project("{2150E333-8FDC-42A3-9474-1A3956D46DE8}") = "NAMESPACE", "NAMESPACE", "{95E32DA1-73F4-4D48-A41A-80BA8C00EFBC}"
EndProject
Project("{FAE04EC0-301F-11D3-BF4B-00C04F79EFBC}") = "Namespaces", "Namespace\Namespaces.csproj", "{EFAFDF6D-7E09-4FA1-A694-D8B3C6FEDFF2}"
EndProject
Project("{2150E333-8FDC-42A3-9474-1A3956D46DE8}") = "COLLECTIONS", "COLLECTIONS", "{CFCC7C18-F122-48C6-9C14-0540CE53156A}"
EndProject
Project("{FAE04EC0-301F-11D3-BF4B-00C04F79EFBC}") = "Collections", "Collections\Collections.csproj", "{270793B6-9069-4CD5-9EE8-9D04EB956626}"
EndProject
Global
	GlobalSection(SolutionConfigurationPlatforms) = preSolution
		Debug|Any CPU = Debug|Any CPU
		Release|Any CPU = Release|Any CPU
	EndGlobalSection
	GlobalSection(ProjectConfigurationPlatforms) = postSolution
		{7595FCB0-8F6D-482D-AE4F-BF5A7DF98A14}.Debug|Any CPU.ActiveCfg = Debug|Any CPU
		{7595FCB0-8F6D-482D-AE4F-BF5A7DF98A14}.Debug|Any CPU.Build.0 = Debug|Any CPU
		{7595FCB0-8F6D-482D-AE4F-BF5A7DF98A14}.Release|Any CPU.ActiveCfg = Release|Any CPU
		{7595FCB0-8F6D-482D-AE4F-BF5A7DF98A14}.Release|Any CPU.Build.0 = Release|Any CPU
		{BD105D07-0069-40FB-93E4-129DB5D56962}.Debug|Any CPU.ActiveCfg = Debug|Any CPU
		{BD105D07-0069-40FB-93E4-129DB5D56962}.Debug|Any CPU.Build.0 = Debug|Any CPU
		{BD105D07-0069-40FB-93E4-129DB5D56962}.Release|Any CPU.ActiveCfg = Release|Any CPU
		{BD105D07-0069-40FB-93E4-129DB5D56962}.Release|Any CPU.Build.0 = Release|Any CPU
		{F3AEDD02-44C6-4B97-B48F-334A973F00BA}.Debug|Any CPU.ActiveCfg = Debug|Any CPU
		{F3AEDD02-44C6-4B97-B48F-334A973F00BA}.Debug|Any CPU.Build.0 = Debug|Any CPU
		{F3AEDD02-44C6-4B97-B48F-334A973F00BA}.Release|Any CPU.ActiveCfg = Release|Any CPU
		{F3AEDD02-44C6-4B97-B48F-334A973F00BA}.Release|Any CPU.Build.0 = Release|Any CPU
		{D3299B08-3AFE-4606-9BD5-3284344FD1E5}.Debug|Any CPU.ActiveCfg = Debug|Any CPU
		{D3299B08-3AFE-4606-9BD5-3284344FD1E5}.Debug|Any CPU.Build.0 = Debug|Any CPU
		{D3299B08-3AFE-4606-9BD5-3284344FD1E5}.Release|Any CPU.ActiveCfg = Release|Any CPU
		{D3299B08-3AFE-4606-9BD5-3284344FD1E5}.Release|Any CPU.Build.0 = Release|Any CPU
		{ABBCC636-A6DC-452C-BA18-89F899E9A5FD}.Debug|Any CPU.ActiveCfg = Debug|Any CPU
		{ABBCC636-A6DC-452C-BA18-89F899E9A5FD}.Debug|Any CPU.Build.0 = Debug|Any CPU
		{ABBCC636-A6DC-452C-BA18-89F899E9A5FD}.Release|Any CPU.ActiveCfg = Release|Any CPU
		{ABBCC636-A6DC-452C-BA18-89F899E9A5FD}.Release|Any CPU.Build.0 = Release|Any CPU
		{39204BF4-C9E8-484D-A5A9-6EC8722549A6}.Debug|Any CPU.ActiveCfg = Debug|Any CPU
		{39204BF4-C9E8-484D-A5A9-6EC8722549A6}.Debug|Any CPU.Build.0 = Debug|Any CPU
		{39204BF4-C9E8-484D-A5A9-6EC8722549A6}.Release|Any CPU.ActiveCfg = Release|Any CPU
		{39204BF4-C9E8-484D-A5A9-6EC8722549A6}.Release|Any CPU.Build.0 = Release|Any CPU
		{80486656-DC1F-48E5-9892-F2D89BBD9EFD}.Debug|Any CPU.ActiveCfg = Debug|Any CPU
		{80486656-DC1F-48E5-9892-F2D89BBD9EFD}.Debug|Any CPU.Build.0 = Debug|Any CPU
		{80486656-DC1F-48E5-9892-F2D89BBD9EFD}.Release|Any CPU.ActiveCfg = Release|Any CPU
		{80486656-DC1F-48E5-9892-F2D89BBD9EFD}.Release|Any CPU.Build.0 = Release|Any CPU
		{7D2245A7-47D1-4951-960D-92333D651653}.Debug|Any CPU.ActiveCfg = Debug|Any CPU
		{7D2245A7-47D1-4951-960D-92333D651653}.Debug|Any CPU.Build.0 = Debug|Any CPU
		{7D2245A7-47D1-4951-960D-92333D651653}.Release|Any CPU.ActiveCfg = Release|Any CPU
		{7D2245A7-47D1-4951-960D-92333D651653}.Release|Any CPU.Build.0 = Release|Any CPU
		{E7E15E6D-D505-4D99-8394-CC9A4C51EF7C}.Debug|Any CPU.ActiveCfg = Debug|Any CPU
		{E7E15E6D-D505-4D99-8394-CC9A4C51EF7C}.Debug|Any CPU.Build.0 = Debug|Any CPU
		{E7E15E6D-D505-4D99-8394-CC9A4C51EF7C}.Release|Any CPU.ActiveCfg = Release|Any CPU
		{E7E15E6D-D505-4D99-8394-CC9A4C51EF7C}.Release|Any CPU.Build.0 = Release|Any CPU
		{FCCBDA37-F4BF-4145-90AB-A1988A13D197}.Debug|Any CPU.ActiveCfg = Debug|Any CPU
		{FCCBDA37-F4BF-4145-90AB-A1988A13D197}.Debug|Any CPU.Build.0 = Debug|Any CPU
		{FCCBDA37-F4BF-4145-90AB-A1988A13D197}.Release|Any CPU.ActiveCfg = Release|Any CPU
		{FCCBDA37-F4BF-4145-90AB-A1988A13D197}.Release|Any CPU.Build.0 = Release|Any CPU
		{CFADCA93-3827-4EFB-96CD-6B11C309ABC7}.Debug|Any CPU.ActiveCfg = Debug|Any CPU
		{CFADCA93-3827-4EFB-96CD-6B11C309ABC7}.Debug|Any CPU.Build.0 = Debug|Any CPU
		{CFADCA93-3827-4EFB-96CD-6B11C309ABC7}.Release|Any CPU.ActiveCfg = Release|Any CPU
		{CFADCA93-3827-4EFB-96CD-6B11C309ABC7}.Release|Any CPU.Build.0 = Release|Any CPU
		{634986FD-A99C-4C0C-B8E8-315F53310FDF}.Debug|Any CPU.ActiveCfg = Debug|Any CPU
		{634986FD-A99C-4C0C-B8E8-315F53310FDF}.Debug|Any CPU.Build.0 = Debug|Any CPU
		{634986FD-A99C-4C0C-B8E8-315F53310FDF}.Release|Any CPU.ActiveCfg = Release|Any CPU
		{634986FD-A99C-4C0C-B8E8-315F53310FDF}.Release|Any CPU.Build.0 = Release|Any CPU
		{A3CCFA8B-1E70-4A46-8F2A-57DB4C4D87C4}.Debug|Any CPU.ActiveCfg = Debug|Any CPU
		{A3CCFA8B-1E70-4A46-8F2A-57DB4C4D87C4}.Debug|Any CPU.Build.0 = Debug|Any CPU
		{A3CCFA8B-1E70-4A46-8F2A-57DB4C4D87C4}.Release|Any CPU.ActiveCfg = Release|Any CPU
		{A3CCFA8B-1E70-4A46-8F2A-57DB4C4D87C4}.Release|Any CPU.Build.0 = Release|Any CPU
		{5179C6B0-B204-4C98-9391-86F74DA28770}.Debug|Any CPU.ActiveCfg = Debug|Any CPU
		{5179C6B0-B204-4C98-9391-86F74DA28770}.Debug|Any CPU.Build.0 = Debug|Any CPU
		{5179C6B0-B204-4C98-9391-86F74DA28770}.Release|Any CPU.ActiveCfg = Release|Any CPU
		{5179C6B0-B204-4C98-9391-86F74DA28770}.Release|Any CPU.Build.0 = Release|Any CPU
		{CAD70BFE-2DD4-495C-B12B-45CA444B9C33}.Debug|Any CPU.ActiveCfg = Debug|Any CPU
		{CAD70BFE-2DD4-495C-B12B-45CA444B9C33}.Debug|Any CPU.Build.0 = Debug|Any CPU
		{CAD70BFE-2DD4-495C-B12B-45CA444B9C33}.Release|Any CPU.ActiveCfg = Release|Any CPU
		{CAD70BFE-2DD4-495C-B12B-45CA444B9C33}.Release|Any CPU.Build.0 = Release|Any CPU
		{7C485833-77E1-4DEA-B5A1-5A994A0B96F5}.Debug|Any CPU.ActiveCfg = Debug|Any CPU
		{7C485833-77E1-4DEA-B5A1-5A994A0B96F5}.Debug|Any CPU.Build.0 = Debug|Any CPU
		{7C485833-77E1-4DEA-B5A1-5A994A0B96F5}.Release|Any CPU.ActiveCfg = Release|Any CPU
		{7C485833-77E1-4DEA-B5A1-5A994A0B96F5}.Release|Any CPU.Build.0 = Release|Any CPU
		{CB23C065-E55B-44F6-A264-30B6FC238222}.Debug|Any CPU.ActiveCfg = Debug|Any CPU
		{CB23C065-E55B-44F6-A264-30B6FC238222}.Debug|Any CPU.Build.0 = Debug|Any CPU
		{CB23C065-E55B-44F6-A264-30B6FC238222}.Release|Any CPU.ActiveCfg = Release|Any CPU
		{CB23C065-E55B-44F6-A264-30B6FC238222}.Release|Any CPU.Build.0 = Release|Any CPU
		{83500C27-2D1F-435E-9F97-BC6FA9E4B6A9}.Debug|Any CPU.ActiveCfg = Debug|Any CPU
		{83500C27-2D1F-435E-9F97-BC6FA9E4B6A9}.Debug|Any CPU.Build.0 = Debug|Any CPU
		{83500C27-2D1F-435E-9F97-BC6FA9E4B6A9}.Release|Any CPU.ActiveCfg = Release|Any CPU
		{83500C27-2D1F-435E-9F97-BC6FA9E4B6A9}.Release|Any CPU.Build.0 = Release|Any CPU
		{ECDFE511-842E-4F01-ABED-F7F9A6FED3B8}.Debug|Any CPU.ActiveCfg = Debug|Any CPU
		{ECDFE511-842E-4F01-ABED-F7F9A6FED3B8}.Debug|Any CPU.Build.0 = Debug|Any CPU
		{ECDFE511-842E-4F01-ABED-F7F9A6FED3B8}.Release|Any CPU.ActiveCfg = Release|Any CPU
		{ECDFE511-842E-4F01-ABED-F7F9A6FED3B8}.Release|Any CPU.Build.0 = Release|Any CPU
		{0F5615A8-64E9-481E-87AB-B995C65BA94B}.Debug|Any CPU.ActiveCfg = Debug|Any CPU
		{0F5615A8-64E9-481E-87AB-B995C65BA94B}.Debug|Any CPU.Build.0 = Debug|Any CPU
		{0F5615A8-64E9-481E-87AB-B995C65BA94B}.Release|Any CPU.ActiveCfg = Release|Any CPU
		{0F5615A8-64E9-481E-87AB-B995C65BA94B}.Release|Any CPU.Build.0 = Release|Any CPU
		{428C4A1E-F09B-4436-ADB8-8CB686CB9F92}.Debug|Any CPU.ActiveCfg = Debug|Any CPU
		{428C4A1E-F09B-4436-ADB8-8CB686CB9F92}.Debug|Any CPU.Build.0 = Debug|Any CPU
		{428C4A1E-F09B-4436-ADB8-8CB686CB9F92}.Release|Any CPU.ActiveCfg = Release|Any CPU
		{428C4A1E-F09B-4436-ADB8-8CB686CB9F92}.Release|Any CPU.Build.0 = Release|Any CPU
		{A7910D94-406F-44B1-92B9-66EB145987D9}.Debug|Any CPU.ActiveCfg = Debug|Any CPU
		{A7910D94-406F-44B1-92B9-66EB145987D9}.Debug|Any CPU.Build.0 = Debug|Any CPU
		{A7910D94-406F-44B1-92B9-66EB145987D9}.Release|Any CPU.ActiveCfg = Release|Any CPU
		{A7910D94-406F-44B1-92B9-66EB145987D9}.Release|Any CPU.Build.0 = Release|Any CPU
		{6095A38F-C982-4A9A-8763-F78BD5AEBD04}.Debug|Any CPU.ActiveCfg = Debug|Any CPU
		{6095A38F-C982-4A9A-8763-F78BD5AEBD04}.Debug|Any CPU.Build.0 = Debug|Any CPU
		{6095A38F-C982-4A9A-8763-F78BD5AEBD04}.Release|Any CPU.ActiveCfg = Release|Any CPU
		{6095A38F-C982-4A9A-8763-F78BD5AEBD04}.Release|Any CPU.Build.0 = Release|Any CPU
		{D6B9078A-E34C-40D9-B88C-0752B3C9B054}.Debug|Any CPU.ActiveCfg = Debug|Any CPU
		{D6B9078A-E34C-40D9-B88C-0752B3C9B054}.Debug|Any CPU.Build.0 = Debug|Any CPU
		{D6B9078A-E34C-40D9-B88C-0752B3C9B054}.Release|Any CPU.ActiveCfg = Release|Any CPU
		{D6B9078A-E34C-40D9-B88C-0752B3C9B054}.Release|Any CPU.Build.0 = Release|Any CPU
		{06216C15-8364-4C1A-BA7E-8E51E69BE3BD}.Debug|Any CPU.ActiveCfg = Debug|Any CPU
		{06216C15-8364-4C1A-BA7E-8E51E69BE3BD}.Debug|Any CPU.Build.0 = Debug|Any CPU
		{06216C15-8364-4C1A-BA7E-8E51E69BE3BD}.Release|Any CPU.ActiveCfg = Release|Any CPU
		{06216C15-8364-4C1A-BA7E-8E51E69BE3BD}.Release|Any CPU.Build.0 = Release|Any CPU
		{41984C23-C45F-4A44-BAA5-3A9F74DCDA3D}.Debug|Any CPU.ActiveCfg = Debug|Any CPU
		{41984C23-C45F-4A44-BAA5-3A9F74DCDA3D}.Debug|Any CPU.Build.0 = Debug|Any CPU
		{41984C23-C45F-4A44-BAA5-3A9F74DCDA3D}.Release|Any CPU.ActiveCfg = Release|Any CPU
		{41984C23-C45F-4A44-BAA5-3A9F74DCDA3D}.Release|Any CPU.Build.0 = Release|Any CPU
		{111C89A4-AA1E-42C2-B203-CB8C9779A32D}.Debug|Any CPU.ActiveCfg = Debug|Any CPU
		{111C89A4-AA1E-42C2-B203-CB8C9779A32D}.Debug|Any CPU.Build.0 = Debug|Any CPU
		{111C89A4-AA1E-42C2-B203-CB8C9779A32D}.Release|Any CPU.ActiveCfg = Release|Any CPU
		{111C89A4-AA1E-42C2-B203-CB8C9779A32D}.Release|Any CPU.Build.0 = Release|Any CPU
		{DB4BF91D-D312-4036-B703-244A6D3B4742}.Debug|Any CPU.ActiveCfg = Debug|Any CPU
		{DB4BF91D-D312-4036-B703-244A6D3B4742}.Debug|Any CPU.Build.0 = Debug|Any CPU
		{DB4BF91D-D312-4036-B703-244A6D3B4742}.Release|Any CPU.ActiveCfg = Release|Any CPU
		{DB4BF91D-D312-4036-B703-244A6D3B4742}.Release|Any CPU.Build.0 = Release|Any CPU
		{E8F054EF-B499-4EE0-8CF2-DC06DA8010CD}.Debug|Any CPU.ActiveCfg = Debug|Any CPU
		{E8F054EF-B499-4EE0-8CF2-DC06DA8010CD}.Debug|Any CPU.Build.0 = Debug|Any CPU
		{E8F054EF-B499-4EE0-8CF2-DC06DA8010CD}.Release|Any CPU.ActiveCfg = Release|Any CPU
		{E8F054EF-B499-4EE0-8CF2-DC06DA8010CD}.Release|Any CPU.Build.0 = Release|Any CPU
		{EFAFDF6D-7E09-4FA1-A694-D8B3C6FEDFF2}.Debug|Any CPU.ActiveCfg = Debug|Any CPU
		{EFAFDF6D-7E09-4FA1-A694-D8B3C6FEDFF2}.Debug|Any CPU.Build.0 = Debug|Any CPU
		{EFAFDF6D-7E09-4FA1-A694-D8B3C6FEDFF2}.Release|Any CPU.ActiveCfg = Release|Any CPU
		{EFAFDF6D-7E09-4FA1-A694-D8B3C6FEDFF2}.Release|Any CPU.Build.0 = Release|Any CPU
		{270793B6-9069-4CD5-9EE8-9D04EB956626}.Debug|Any CPU.ActiveCfg = Debug|Any CPU
		{270793B6-9069-4CD5-9EE8-9D04EB956626}.Debug|Any CPU.Build.0 = Debug|Any CPU
		{270793B6-9069-4CD5-9EE8-9D04EB956626}.Release|Any CPU.ActiveCfg = Release|Any CPU
		{270793B6-9069-4CD5-9EE8-9D04EB956626}.Release|Any CPU.Build.0 = Release|Any CPU
	EndGlobalSection
	GlobalSection(SolutionProperties) = preSolution
		HideSolutionNode = FALSE
	EndGlobalSection
	GlobalSection(NestedProjects) = preSolution
		{7595FCB0-8F6D-482D-AE4F-BF5A7DF98A14} = {AA6A2DC1-3585-4AEB-AC8A-B07EE3F7EAB1}
		{BD105D07-0069-40FB-93E4-129DB5D56962} = {AA6A2DC1-3585-4AEB-AC8A-B07EE3F7EAB1}
		{F3AEDD02-44C6-4B97-B48F-334A973F00BA} = {AA6A2DC1-3585-4AEB-AC8A-B07EE3F7EAB1}
		{D3299B08-3AFE-4606-9BD5-3284344FD1E5} = {AA6A2DC1-3585-4AEB-AC8A-B07EE3F7EAB1}
		{ABBCC636-A6DC-452C-BA18-89F899E9A5FD} = {21AD9CC5-FE70-4E75-BD67-000D69E61679}
		{39204BF4-C9E8-484D-A5A9-6EC8722549A6} = {21AD9CC5-FE70-4E75-BD67-000D69E61679}
		{80486656-DC1F-48E5-9892-F2D89BBD9EFD} = {21AD9CC5-FE70-4E75-BD67-000D69E61679}
		{7D2245A7-47D1-4951-960D-92333D651653} = {B712C56B-6D1B-42FA-9740-C7A5662D5911}
		{E7E15E6D-D505-4D99-8394-CC9A4C51EF7C} = {4D84AEAE-29D2-44ED-9DC0-E450986D98F9}
		{FCCBDA37-F4BF-4145-90AB-A1988A13D197} = {9603D2A7-4BCF-47EB-8D5C-1EBA759306FD}
		{CFADCA93-3827-4EFB-96CD-6B11C309ABC7} = {9704CF12-2DF2-499B-B321-D9DE14618347}
		{634986FD-A99C-4C0C-B8E8-315F53310FDF} = {F96E5626-FDD4-4943-B19D-94BC67C5AFB1}
		{A3CCFA8B-1E70-4A46-8F2A-57DB4C4D87C4} = {92F21BCE-C3AA-4B43-90AC-DA6293A3D10C}
		{5179C6B0-B204-4C98-9391-86F74DA28770} = {3E92102C-C99A-487E-B4E7-8A7B5131E586}
		{CAD70BFE-2DD4-495C-B12B-45CA444B9C33} = {DCAB7C56-0AFF-4BF8-BA98-69A870E0D009}
		{7C485833-77E1-4DEA-B5A1-5A994A0B96F5} = {DCAB7C56-0AFF-4BF8-BA98-69A870E0D009}
		{CB23C065-E55B-44F6-A264-30B6FC238222} = {DCAB7C56-0AFF-4BF8-BA98-69A870E0D009}
		{83500C27-2D1F-435E-9F97-BC6FA9E4B6A9} = {34B2489F-BB1E-4B0B-A0CA-333780EBEA99}
		{ECDFE511-842E-4F01-ABED-F7F9A6FED3B8} = {6E7F6BB5-1663-4200-98DE-7F0147978031}
		{0F5615A8-64E9-481E-87AB-B995C65BA94B} = {6E7F6BB5-1663-4200-98DE-7F0147978031}
		{428C4A1E-F09B-4436-ADB8-8CB686CB9F92} = {6E7F6BB5-1663-4200-98DE-7F0147978031}
		{A7910D94-406F-44B1-92B9-66EB145987D9} = {6E7F6BB5-1663-4200-98DE-7F0147978031}
		{6095A38F-C982-4A9A-8763-F78BD5AEBD04} = {921E24CA-55FE-4D9A-9690-3614C6005E76}
		{D6B9078A-E34C-40D9-B88C-0752B3C9B054} = {C4184D0B-1E7C-460A-8272-55ADF0B2B0F3}
		{06216C15-8364-4C1A-BA7E-8E51E69BE3BD} = {47F3B87C-AADF-4A72-975C-2C710B25C86F}
		{41984C23-C45F-4A44-BAA5-3A9F74DCDA3D} = {9CA43660-07C3-4E5E-B2BC-DDEF81011C1F}
		{111C89A4-AA1E-42C2-B203-CB8C9779A32D} = {0A0164A9-DA91-4A0C-AB54-7D952C8A7003}
		{DB4BF91D-D312-4036-B703-244A6D3B4742} = {58BE3C52-0AC7-491F-95A1-34DAB6807E09}
		{E8F054EF-B499-4EE0-8CF2-DC06DA8010CD} = {58BE3C52-0AC7-491F-95A1-34DAB6807E09}
		{EFAFDF6D-7E09-4FA1-A694-D8B3C6FEDFF2} = {95E32DA1-73F4-4D48-A41A-80BA8C00EFBC}
		{270793B6-9069-4CD5-9EE8-9D04EB956626} = {CFCC7C18-F122-48C6-9C14-0540CE53156A}
	EndGlobalSection
	GlobalSection(ExtensibilityGlobals) = postSolution
		SolutionGuid = {9F22BCE7-3881-4BA4-828D-D1AFCA35AD29}
	EndGlobalSection
EndGlobal
